<?xml version="1.0" encoding="utf-8"?>
<Project ToolsVersion="4.0" xmlns="http://schemas.microsoft.com/developer/msbuild/2003">
  <ItemGroup>
    <Filter Include="Source Files">
      <UniqueIdentifier>{0f29053f-d817-4035-9b31-a7ad3e36089d}</UniqueIdentifier>
    </Filter>
    <Filter Include="Generated Files">
      <UniqueIdentifier>{32f0f96e-252e-43df-9f88-b6493f6b95f1}</UniqueIdentifier>
      <SourceControlFiles>False</SourceControlFiles>
    </Filter>
  </ItemGroup>
  <ItemGroup>
    <None Include="WatcherAddinCppAtlps.def" />
  </ItemGroup>
  <ItemGroup>
    <ClCompile Include="WatcherAddinCppAtl_i.c">
      <Filter>Generated Files</Filter>
    </ClCompile>
    <ClCompile Include="WatcherAddinCppAtl_p.c">
      <Filter>Generated Files</Filter>
    </ClCompile>
    <ClCompile Include="dlldata.c">
      <Filter>Generated Files</Filter>
    </ClCompile>
  </ItemGroup>
</Project>